// !$*UTF8*$!
{
	archiveVersion = 1;
	classes = {
	};
	objectVersion = 46;
	objects = {

/* Begin PBXBuildFile section */
		864454291D93BBD8009F5A3F /* LLSpinner.framework in Frameworks */ = {isa = PBXBuildFile; fileRef = 8644541F1D93BBD8009F5A3F /* LLSpinner.framework */; };
		8644542E1D93BBD8009F5A3F /* LLSpinnerTests.swift in Sources */ = {isa = PBXBuildFile; fileRef = 8644542D1D93BBD8009F5A3F /* LLSpinnerTests.swift */; };
		864454301D93BBD8009F5A3F /* LLSpinner.h in Headers */ = {isa = PBXBuildFile; fileRef = 864454221D93BBD8009F5A3F /* LLSpinner.h */; settings = {ATTRIBUTES = (Public, ); }; };
		8644543A1D93BC15009F5A3F /* LLSpinner.swift in Sources */ = {isa = PBXBuildFile; fileRef = 864454391D93BC15009F5A3F /* LLSpinner.swift */; };
/* End PBXBuildFile section */

/* Begin PBXContainerItemProxy section */
		8644542A1D93BBD8009F5A3F /* PBXContainerItemProxy */ = {
			isa = PBXContainerItemProxy;
			containerPortal = 864454161D93BBD8009F5A3F /* Project object */;
			proxyType = 1;
			remoteGlobalIDString = 8644541E1D93BBD8009F5A3F;
			remoteInfo = LLSpinner;
		};
/* End PBXContainerItemProxy section */

/* Begin PBXFileReference section */
		8644541F1D93BBD8009F5A3F /* LLSpinner.framework */ = {isa = PBXFileReference; explicitFileType = wrapper.framework; includeInIndex = 0; path = LLSpinner.framework; sourceTree = BUILT_PRODUCTS_DIR; };
		864454221D93BBD8009F5A3F /* LLSpinner.h */ = {isa = PBXFileReference; lastKnownFileType = sourcecode.c.h; path = LLSpinner.h; sourceTree = "<group>"; };
		864454231D93BBD8009F5A3F /* Info.plist */ = {isa = PBXFileReference; lastKnownFileType = text.plist.xml; path = Info.plist; sourceTree = "<group>"; };
		864454281D93BBD8009F5A3F /* LLSpinnerTests.xctest */ = {isa = PBXFileReference; explicitFileType = wrapper.cfbundle; includeInIndex = 0; path = LLSpinnerTests.xctest; sourceTree = BUILT_PRODUCTS_DIR; };
		8644542D1D93BBD8009F5A3F /* LLSpinnerTests.swift */ = {isa = PBXFileReference; lastKnownFileType = sourcecode.swift; path = LLSpinnerTests.swift; sourceTree = "<group>"; };
		8644542F1D93BBD8009F5A3F /* Info.plist */ = {isa = PBXFileReference; lastKnownFileType = text.plist.xml; path = Info.plist; sourceTree = "<group>"; };
		864454391D93BC15009F5A3F /* LLSpinner.swift */ = {isa = PBXFileReference; fileEncoding = 4; lastKnownFileType = sourcecode.swift; path = LLSpinner.swift; sourceTree = "<group>"; };
/* End PBXFileReference section */

/* Begin PBXFrameworksBuildPhase section */
		8644541B1D93BBD8009F5A3F /* Frameworks */ = {
			isa = PBXFrameworksBuildPhase;
			buildActionMask = 2147483647;
			files = (
			);
			runOnlyForDeploymentPostprocessing = 0;
		};
		864454251D93BBD8009F5A3F /* Frameworks */ = {
			isa = PBXFrameworksBuildPhase;
			buildActionMask = 2147483647;
			files = (
				864454291D93BBD8009F5A3F /* LLSpinner.framework in Frameworks */,
			);
			runOnlyForDeploymentPostprocessing = 0;
		};
/* End PBXFrameworksBuildPhase section */

/* Begin PBXGroup section */
		864454151D93BBD8009F5A3F = {
			isa = PBXGroup;
			children = (
				864454211D93BBD8009F5A3F /* LLSpinner */,
				8644542C1D93BBD8009F5A3F /* LLSpinnerTests */,
				864454201D93BBD8009F5A3F /* Products */,
			);
			sourceTree = "<group>";
		};
		864454201D93BBD8009F5A3F /* Products */ = {
			isa = PBXGroup;
			children = (
				8644541F1D93BBD8009F5A3F /* LLSpinner.framework */,
				864454281D93BBD8009F5A3F /* LLSpinnerTests.xctest */,
			);
			name = Products;
			sourceTree = "<group>";
		};
		864454211D93BBD8009F5A3F /* LLSpinner */ = {
			isa = PBXGroup;
			children = (
				864454221D93BBD8009F5A3F /* LLSpinner.h */,
				864454231D93BBD8009F5A3F /* Info.plist */,
				864454391D93BC15009F5A3F /* LLSpinner.swift */,
			);
			path = LLSpinner;
			sourceTree = "<group>";
		};
		8644542C1D93BBD8009F5A3F /* LLSpinnerTests */ = {
			isa = PBXGroup;
			children = (
				8644542D1D93BBD8009F5A3F /* LLSpinnerTests.swift */,
				8644542F1D93BBD8009F5A3F /* Info.plist */,
			);
			path = LLSpinnerTests;
			sourceTree = "<group>";
		};
/* End PBXGroup section */

/* Begin PBXHeadersBuildPhase section */
		8644541C1D93BBD8009F5A3F /* Headers */ = {
			isa = PBXHeadersBuildPhase;
			buildActionMask = 2147483647;
			files = (
				864454301D93BBD8009F5A3F /* LLSpinner.h in Headers */,
			);
			runOnlyForDeploymentPostprocessing = 0;
		};
/* End PBXHeadersBuildPhase section */

/* Begin PBXNativeTarget section */
		8644541E1D93BBD8009F5A3F /* LLSpinner */ = {
			isa = PBXNativeTarget;
			buildConfigurationList = 864454331D93BBD8009F5A3F /* Build configuration list for PBXNativeTarget "LLSpinner" */;
			buildPhases = (
				8644541A1D93BBD8009F5A3F /* Sources */,
				8644541B1D93BBD8009F5A3F /* Frameworks */,
				8644541C1D93BBD8009F5A3F /* Headers */,
				8644541D1D93BBD8009F5A3F /* Resources */,
			);
			buildRules = (
			);
			dependencies = (
			);
			name = LLSpinner;
			productName = LLSpinner;
			productReference = 8644541F1D93BBD8009F5A3F /* LLSpinner.framework */;
			productType = "com.apple.product-type.framework";
		};
		864454271D93BBD8009F5A3F /* LLSpinnerTests */ = {
			isa = PBXNativeTarget;
			buildConfigurationList = 864454361D93BBD8009F5A3F /* Build configuration list for PBXNativeTarget "LLSpinnerTests" */;
			buildPhases = (
				864454241D93BBD8009F5A3F /* Sources */,
				864454251D93BBD8009F5A3F /* Frameworks */,
				864454261D93BBD8009F5A3F /* Resources */,
			);
			buildRules = (
			);
			dependencies = (
				8644542B1D93BBD8009F5A3F /* PBXTargetDependency */,
			);
			name = LLSpinnerTests;
			productName = LLSpinnerTests;
			productReference = 864454281D93BBD8009F5A3F /* LLSpinnerTests.xctest */;
			productType = "com.apple.product-type.bundle.unit-test";
		};
/* End PBXNativeTarget section */

/* Begin PBXProject section */
		864454161D93BBD8009F5A3F /* Project object */ = {
			isa = PBXProject;
			attributes = {
				LastSwiftUpdateCheck = 0800;
				LastUpgradeCheck = 1010;
				ORGANIZATIONNAME = lalafon;
				TargetAttributes = {
					8644541E1D93BBD8009F5A3F = {
						CreatedOnToolsVersion = 8.0;
						LastSwiftMigration = 1200;
						ProvisioningStyle = Automatic;
					};
					864454271D93BBD8009F5A3F = {
						CreatedOnToolsVersion = 8.0;
						LastSwiftMigration = 1200;
						ProvisioningStyle = Automatic;
					};
				};
			};
			buildConfigurationList = 864454191D93BBD8009F5A3F /* Build configuration list for PBXProject "LLSpinner" */;
			compatibilityVersion = "Xcode 3.2";
			developmentRegion = English;
			hasScannedForEncodings = 0;
			knownRegions = (
				English,
				en,
			);
			mainGroup = 864454151D93BBD8009F5A3F;
			productRefGroup = 864454201D93BBD8009F5A3F /* Products */;
			projectDirPath = "";
			projectRoot = "";
			targets = (
				8644541E1D93BBD8009F5A3F /* LLSpinner */,
				864454271D93BBD8009F5A3F /* LLSpinnerTests */,
			);
		};
/* End PBXProject section */

/* Begin PBXResourcesBuildPhase section */
		8644541D1D93BBD8009F5A3F /* Resources */ = {
			isa = PBXResourcesBuildPhase;
			buildActionMask = 2147483647;
			files = (
			);
			runOnlyForDeploymentPostprocessing = 0;
		};
		864454261D93BBD8009F5A3F /* Resources */ = {
			isa = PBXResourcesBuildPhase;
			buildActionMask = 2147483647;
			files = (
			);
			runOnlyForDeploymentPostprocessing = 0;
		};
/* End PBXResourcesBuildPhase section */

/* Begin PBXSourcesBuildPhase section */
		8644541A1D93BBD8009F5A3F /* Sources */ = {
			isa = PBXSourcesBuildPhase;
			buildActionMask = 2147483647;
			files = (
				8644543A1D93BC15009F5A3F /* LLSpinner.swift in Sources */,
			);
			runOnlyForDeploymentPostprocessing = 0;
		};
		864454241D93BBD8009F5A3F /* Sources */ = {
			isa = PBXSourcesBuildPhase;
			buildActionMask = 2147483647;
			files = (
				8644542E1D93BBD8009F5A3F /* LLSpinnerTests.swift in Sources */,
			);
			runOnlyForDeploymentPostprocessing = 0;
		};
/* End PBXSourcesBuildPhase section */

/* Begin PBXTargetDependency section */
		8644542B1D93BBD8009F5A3F /* PBXTargetDependency */ = {
			isa = PBXTargetDependency;
			target = 8644541E1D93BBD8009F5A3F /* LLSpinner */;
			targetProxy = 8644542A1D93BBD8009F5A3F /* PBXContainerItemProxy */;
		};
/* End PBXTargetDependency section */

/* Begin XCBuildConfiguration section */
		864454311D93BBD8009F5A3F /* Debug */ = {
			isa = XCBuildConfiguration;
			buildSettings = {
				ALWAYS_SEARCH_USER_PATHS = NO;
				CLANG_ANALYZER_NONNULL = YES;
				CLANG_CXX_LANGUAGE_STANDARD = "gnu++0x";
				CLANG_CXX_LIBRARY = "libc++";
				CLANG_ENABLE_MODULES = YES;
				CLANG_ENABLE_OBJC_ARC = YES;
				CLANG_WARN_BLOCK_CAPTURE_AUTORELEASING = YES;
				CLANG_WARN_BOOL_CONVERSION = YES;
				CLANG_WARN_COMMA = YES;
				CLANG_WARN_CONSTANT_CONVERSION = YES;
				CLANG_WARN_DEPRECATED_OBJC_IMPLEMENTATIONS = YES;
				CLANG_WARN_DIRECT_OBJC_ISA_USAGE = YES_ERROR;
				CLANG_WARN_DOCUMENTATION_COMMENTS = YES;
				CLANG_WARN_EMPTY_BODY = YES;
				CLANG_WARN_ENUM_CONVERSION = YES;
				CLANG_WARN_INFINITE_RECURSION = YES;
				CLANG_WARN_INT_CONVERSION = YES;
				CLANG_WARN_NON_LITERAL_NULL_CONVERSION = YES;
				CLANG_WARN_OBJC_IMPLICIT_RETAIN_SELF = YES;
				CLANG_WARN_OBJC_LITERAL_CONVERSION = YES;
				CLANG_WARN_OBJC_ROOT_CLASS = YES_ERROR;
				CLANG_WARN_RANGE_LOOP_ANALYSIS = YES;
				CLANG_WARN_STRICT_PROTOTYPES = YES;
				CLANG_WARN_SUSPICIOUS_MOVE = YES;
				CLANG_WARN_SUSPICIOUS_MOVES = YES;
				CLANG_WARN_UNREACHABLE_CODE = YES;
				CLANG_WARN__DUPLICATE_METHOD_MATCH = YES;
				"CODE_SIGN_IDENTITY[sdk=iphoneos*]" = "iPhone Developer";
				COPY_PHASE_STRIP = NO;
				CURRENT_PROJECT_VERSION = 1;
				DEBUG_INFORMATION_FORMAT = dwarf;
				ENABLE_STRICT_OBJC_MSGSEND = YES;
				ENABLE_TESTABILITY = YES;
				GCC_C_LANGUAGE_STANDARD = gnu99;
				GCC_DYNAMIC_NO_PIC = NO;
				GCC_NO_COMMON_BLOCKS = YES;
				GCC_OPTIMIZATION_LEVEL = 0;
				GCC_PREPROCESSOR_DEFINITIONS = (
					"DEBUG=1",
					"$(inherited)",
				);
				GCC_WARN_64_TO_32_BIT_CONVERSION = YES;
				GCC_WARN_ABOUT_RETURN_TYPE = YES_ERROR;
				GCC_WARN_UNDECLARED_SELECTOR = YES;
				GCC_WARN_UNINITIALIZED_AUTOS = YES_AGGRESSIVE;
				GCC_WARN_UNUSED_FUNCTION = YES;
				GCC_WARN_UNUSED_VARIABLE = YES;
				IPHONEOS_DEPLOYMENT_TARGET = 10.0;
				MTL_ENABLE_DEBUG_INFO = YES;
				ONLY_ACTIVE_ARCH = YES;
				SDKROOT = iphoneos;
				SWIFT_ACTIVE_COMPILATION_CONDITIONS = DEBUG;
				SWIFT_OPTIMIZATION_LEVEL = "-Onone";
				TARGETED_DEVICE_FAMILY = "1,2";
				VERSIONING_SYSTEM = "apple-generic";
				VERSION_INFO_PREFIX = "";
			};
			name = Debug;
		};
		864454321D93BBD8009F5A3F /* Release */ = {
			isa = XCBuildConfiguration;
			buildSettings = {
				ALWAYS_SEARCH_USER_PATHS = NO;
				CLANG_ANALYZER_NONNULL = YES;
				CLANG_CXX_LANGUAGE_STANDARD = "gnu++0x";
				CLANG_CXX_LIBRARY = "libc++";
				CLANG_ENABLE_MODULES = YES;
				CLANG_ENABLE_OBJC_ARC = YES;
				CLANG_WARN_BLOCK_CAPTURE_AUTORELEASING = YES;
				CLANG_WARN_BOOL_CONVERSION = YES;
				CLANG_WARN_COMMA = YES;
				CLANG_WARN_CONSTANT_CONVERSION = YES;
				CLANG_WARN_DEPRECATED_OBJC_IMPLEMENTATIONS = YES;
				CLANG_WARN_DIRECT_OBJC_ISA_USAGE = YES_ERROR;
				CLANG_WARN_DOCUMENTATION_COMMENTS = YES;
				CLANG_WARN_EMPTY_BODY = YES;
				CLANG_WARN_ENUM_CONVERSION = YES;
				CLANG_WARN_INFINITE_RECURSION = YES;
				CLANG_WARN_INT_CONVERSION = YES;
				CLANG_WARN_NON_LITERAL_NULL_CONVERSION = YES;
				CLANG_WARN_OBJC_IMPLICIT_RETAIN_SELF = YES;
				CLANG_WARN_OBJC_LITERAL_CONVERSION = YES;
				CLANG_WARN_OBJC_ROOT_CLASS = YES_ERROR;
				CLANG_WARN_RANGE_LOOP_ANALYSIS = YES;
				CLANG_WARN_STRICT_PROTOTYPES = YES;
				CLANG_WARN_SUSPICIOUS_MOVE = YES;
				CLANG_WARN_SUSPICIOUS_MOVES = YES;
				CLANG_WARN_UNREACHABLE_CODE = YES;
				CLANG_WARN__DUPLICATE_METHOD_MATCH = YES;
				"CODE_SIGN_IDENTITY[sdk=iphoneos*]" = "iPhone Developer";
				COPY_PHASE_STRIP = NO;
				CURRENT_PROJECT_VERSION = 1;
				DEBUG_INFORMATION_FORMAT = "dwarf-with-dsym";
				ENABLE_NS_ASSERTIONS = NO;
				ENABLE_STRICT_OBJC_MSGSEND = YES;
				GCC_C_LANGUAGE_STANDARD = gnu99;
				GCC_NO_COMMON_BLOCKS = YES;
				GCC_WARN_64_TO_32_BIT_CONVERSION = YES;
				GCC_WARN_ABOUT_RETURN_TYPE = YES_ERROR;
				GCC_WARN_UNDECLARED_SELECTOR = YES;
				GCC_WARN_UNINITIALIZED_AUTOS = YES_AGGRESSIVE;
				GCC_WARN_UNUSED_FUNCTION = YES;
				GCC_WARN_UNUSED_VARIABLE = YES;
				IPHONEOS_DEPLOYMENT_TARGET = 10.0;
				MTL_ENABLE_DEBUG_INFO = NO;
				SDKROOT = iphoneos;
				SWIFT_OPTIMIZATION_LEVEL = "-Owholemodule";
				TARGETED_DEVICE_FAMILY = "1,2";
				VALIDATE_PRODUCT = YES;
				VERSIONING_SYSTEM = "apple-generic";
				VERSION_INFO_PREFIX = "";
			};
			name = Release;
		};
		864454341D93BBD8009F5A3F /* Debug */ = {
			isa = XCBuildConfiguration;
			buildSettings = {
				CLANG_ENABLE_MODULES = YES;
				CODE_SIGN_IDENTITY = "";
				DEFINES_MODULE = YES;
				DYLIB_COMPATIBILITY_VERSION = 1;
				DYLIB_CURRENT_VERSION = 1;
				DYLIB_INSTALL_NAME_BASE = "@rpath";
				INFOPLIST_FILE = LLSpinner/Info.plist;
				INSTALL_PATH = "$(LOCAL_LIBRARY_DIR)/Frameworks";
				IPHONEOS_DEPLOYMENT_TARGET = 10.0;
				LD_RUNPATH_SEARCH_PATHS = "$(inherited) @executable_path/Frameworks @loader_path/Frameworks";
				PRODUCT_BUNDLE_IDENTIFIER = lalafon.LLSpinner;
				PRODUCT_NAME = "$(TARGET_NAME)";
				SKIP_INSTALL = YES;
				SWIFT_OPTIMIZATION_LEVEL = "-Onone";
				SWIFT_SWIFT3_OBJC_INFERENCE = On;
				SWIFT_VERSION = 5.0;
			};
			name = Debug;
		};
		864454351D93BBD8009F5A3F /* Release */ = {
			isa = XCBuildConfiguration;
			buildSettings = {
				CLANG_ENABLE_MODULES = YES;
				CODE_SIGN_IDENTITY = "";
				DEFINES_MODULE = YES;
				DYLIB_COMPATIBILITY_VERSION = 1;
				DYLIB_CURRENT_VERSION = 1;
				DYLIB_INSTALL_NAME_BASE = "@rpath";
				INFOPLIST_FILE = LLSpinner/Info.plist;
				INSTALL_PATH = "$(LOCAL_LIBRARY_DIR)/Frameworks";
				IPHONEOS_DEPLOYMENT_TARGET = 10.0;
				LD_RUNPATH_SEARCH_PATHS = "$(inherited) @executable_path/Frameworks @loader_path/Frameworks";
				PRODUCT_BUNDLE_IDENTIFIER = lalafon.LLSpinner;
				PRODUCT_NAME = "$(TARGET_NAME)";
				SKIP_INSTALL = YES;
				SWIFT_SWIFT3_OBJC_INFERENCE = On;
				SWIFT_VERSION = 5.0;
			};
			name = Release;
		};
		864454371D93BBD8009F5A3F /* Debug */ = {
			isa = XCBuildConfiguration;
			buildSettings = {
				ALWAYS_EMBED_SWIFT_STANDARD_LIBRARIES = YES;
				INFOPLIST_FILE = LLSpinnerTests/Info.plist;
				LD_RUNPATH_SEARCH_PATHS = "$(inherited) @executable_path/Frameworks @loader_path/Frameworks";
				PRODUCT_BUNDLE_IDENTIFIER = lalafon.LLSpinnerTests;
				PRODUCT_NAME = "$(TARGET_NAME)";
				SWIFT_SWIFT3_OBJC_INFERENCE = On;
				SWIFT_VERSION = 5.0;
			};
			name = Debug;
		};
		864454381D93BBD8009F5A3F /* Release */ = {
			isa = XCBuildConfiguration;
			buildSettings = {
				ALWAYS_EMBED_SWIFT_STANDARD_LIBRARIES = YES;
				INFOPLIST_FILE = LLSpinnerTests/Info.plist;
				LD_RUNPATH_SEARCH_PATHS = "$(inherited) @executable_path/Frameworks @loader_path/Frameworks";
				PRODUCT_BUNDLE_IDENTIFIER = lalafon.LLSpinnerTests;
				PRODUCT_NAME = "$(TARGET_NAME)";
				SWIFT_SWIFT3_OBJC_INFERENCE = On;
				SWIFT_VERSION = 5.0;
			};
			name = Release;
		};
/* End XCBuildConfiguration section */

/* Begin XCConfigurationList section */
		864454191D93BBD8009F5A3F /* Build configuration list for PBXProject "LLSpinner" */ = {
			isa = XCConfigurationList;
			buildConfigurations = (
				864454311D93BBD8009F5A3F /* Debug */,
				864454321D93BBD8009F5A3F /* Release */,
			);
			defaultConfigurationIsVisible = 0;
			defaultConfigurationName = Release;
		};
		864454331D93BBD8009F5A3F /* Build configuration list for PBXNativeTarget "LLSpinner" */ = {
			isa = XCConfigurationList;
			buildConfigurations = (
				864454341D93BBD8009F5A3F /* Debug */,
				864454351D93BBD8009F5A3F /* Release */,
			);
			defaultConfigurationIsVisible = 0;
			defaultConfigurationName = Release;
		};
		864454361D93BBD8009F5A3F /* Build configuration list for PBXNativeTarget "LLSpinnerTests" */ = {
			isa = XCConfigurationList;
			buildConfigurations = (
				864454371D93BBD8009F5A3F /* Debug */,
				864454381D93BBD8009F5A3F /* Release */,
			);
			defaultConfigurationIsVisible = 0;
			defaultConfigurationName = Release;
		};
/* End XCConfigurationList section */
	};
	rootObject = 864454161D93BBD8009F5A3F /* Project object */;
}
