// !$*UTF8*$!
{
	archiveVersion = 1;
	classes = {
	};
	objectVersion = 46;
	objects = {

/* Begin PBXBuildFile section */
		86087D5C1D93D8D800E6AE40 /* LLSpinner.framework in Frameworks */ = {isa = PBXBuildFile; fileRef = 86087D591D93D8C900E6AE40 /* LLSpinner.framework */; };
		86087D5D1D93D8D800E6AE40 /* LLSpinner.framework in Embed Frameworks */ = {isa = PBXBuildFile; fileRef = 86087D591D93D8C900E6AE40 /* LLSpinner.framework */; settings = {ATTRIBUTES = (CodeSignOnCopy, RemoveHeadersOnCopy, ); }; };
		867742F71D93D11D00680C55 /* AppDelegate.swift in Sources */ = {isa = PBXBuildFile; fileRef = 867742F61D93D11D00680C55 /* AppDelegate.swift */; };
		867742F91D93D11D00680C55 /* ViewController.swift in Sources */ = {isa = PBXBuildFile; fileRef = 867742F81D93D11D00680C55 /* ViewController.swift */; };
		867742FC1D93D11D00680C55 /* Main.storyboard in Resources */ = {isa = PBXBuildFile; fileRef = 867742FA1D93D11D00680C55 /* Main.storyboard */; };
		867742FE1D93D11D00680C55 /* Assets.xcassets in Resources */ = {isa = PBXBuildFile; fileRef = 867742FD1D93D11D00680C55 /* Assets.xcassets */; };
		867743011D93D11D00680C55 /* LaunchScreen.storyboard in Resources */ = {isa = PBXBuildFile; fileRef = 867742FF1D93D11D00680C55 /* LaunchScreen.storyboard */; };
/* End PBXBuildFile section */

/* Begin PBXContainerItemProxy section */
		86087D581D93D8C900E6AE40 /* PBXContainerItemProxy */ = {
			isa = PBXContainerItemProxy;
			containerPortal = 86087D531D93D8C900E6AE40 /* LLSpinner.xcodeproj */;
			proxyType = 2;
			remoteGlobalIDString = 8644541F1D93BBD8009F5A3F;
			remoteInfo = LLSpinner;
		};
		86087D5A1D93D8C900E6AE40 /* PBXContainerItemProxy */ = {
			isa = PBXContainerItemProxy;
			containerPortal = 86087D531D93D8C900E6AE40 /* LLSpinner.xcodeproj */;
			proxyType = 2;
			remoteGlobalIDString = 864454281D93BBD8009F5A3F;
			remoteInfo = LLSpinnerTests;
		};
		86087D5E1D93D8D800E6AE40 /* PBXContainerItemProxy */ = {
			isa = PBXContainerItemProxy;
			containerPortal = 86087D531D93D8C900E6AE40 /* LLSpinner.xcodeproj */;
			proxyType = 1;
			remoteGlobalIDString = 8644541E1D93BBD8009F5A3F;
			remoteInfo = LLSpinner;
		};
/* End PBXContainerItemProxy section */

/* Begin PBXCopyFilesBuildPhase section */
		86087D601D93D8D800E6AE40 /* Embed Frameworks */ = {
			isa = PBXCopyFilesBuildPhase;
			buildActionMask = 2147483647;
			dstPath = "";
			dstSubfolderSpec = 10;
			files = (
				86087D5D1D93D8D800E6AE40 /* LLSpinner.framework in Embed Frameworks */,
			);
			name = "Embed Frameworks";
			runOnlyForDeploymentPostprocessing = 0;
		};
/* End PBXCopyFilesBuildPhase section */

/* Begin PBXFileReference section */
		86087D531D93D8C900E6AE40 /* LLSpinner.xcodeproj */ = {isa = PBXFileReference; lastKnownFileType = "wrapper.pb-project"; name = LLSpinner.xcodeproj; path = ../LLSpinner.xcodeproj; sourceTree = "<group>"; };
		867742F31D93D11D00680C55 /* Example.app */ = {isa = PBXFileReference; explicitFileType = wrapper.application; includeInIndex = 0; path = Example.app; sourceTree = BUILT_PRODUCTS_DIR; };
		867742F61D93D11D00680C55 /* AppDelegate.swift */ = {isa = PBXFileReference; lastKnownFileType = sourcecode.swift; path = AppDelegate.swift; sourceTree = "<group>"; };
		867742F81D93D11D00680C55 /* ViewController.swift */ = {isa = PBXFileReference; lastKnownFileType = sourcecode.swift; path = ViewController.swift; sourceTree = "<group>"; };
		867742FB1D93D11D00680C55 /* Base */ = {isa = PBXFileReference; lastKnownFileType = file.storyboard; name = Base; path = Base.lproj/Main.storyboard; sourceTree = "<group>"; };
		867742FD1D93D11D00680C55 /* Assets.xcassets */ = {isa = PBXFileReference; lastKnownFileType = folder.assetcatalog; path = Assets.xcassets; sourceTree = "<group>"; };
		867743001D93D11D00680C55 /* Base */ = {isa = PBXFileReference; lastKnownFileType = file.storyboard; name = Base; path = Base.lproj/LaunchScreen.storyboard; sourceTree = "<group>"; };
		867743021D93D11D00680C55 /* Info.plist */ = {isa = PBXFileReference; lastKnownFileType = text.plist.xml; path = Info.plist; sourceTree = "<group>"; };
/* End PBXFileReference section */

/* Begin PBXFrameworksBuildPhase section */
		867742F01D93D11D00680C55 /* Frameworks */ = {
			isa = PBXFrameworksBuildPhase;
			buildActionMask = 2147483647;
			files = (
				86087D5C1D93D8D800E6AE40 /* LLSpinner.framework in Frameworks */,
			);
			runOnlyForDeploymentPostprocessing = 0;
		};
/* End PBXFrameworksBuildPhase section */

/* Begin PBXGroup section */
		86087D541D93D8C900E6AE40 /* Products */ = {
			isa = PBXGroup;
			children = (
				86087D591D93D8C900E6AE40 /* LLSpinner.framework */,
				86087D5B1D93D8C900E6AE40 /* LLSpinnerTests.xctest */,
			);
			name = Products;
			sourceTree = "<group>";
		};
		867742EA1D93D11D00680C55 = {
			isa = PBXGroup;
			children = (
				867742F51D93D11D00680C55 /* Example */,
				867742F41D93D11D00680C55 /* Products */,
				86087D531D93D8C900E6AE40 /* LLSpinner.xcodeproj */,
			);
			sourceTree = "<group>";
		};
		867742F41D93D11D00680C55 /* Products */ = {
			isa = PBXGroup;
			children = (
				867742F31D93D11D00680C55 /* Example.app */,
			);
			name = Products;
			sourceTree = "<group>";
		};
		867742F51D93D11D00680C55 /* Example */ = {
			isa = PBXGroup;
			children = (
				867742F61D93D11D00680C55 /* AppDelegate.swift */,
				867742F81D93D11D00680C55 /* ViewController.swift */,
				867742FA1D93D11D00680C55 /* Main.storyboard */,
				867742FD1D93D11D00680C55 /* Assets.xcassets */,
				867742FF1D93D11D00680C55 /* LaunchScreen.storyboard */,
				867743021D93D11D00680C55 /* Info.plist */,
			);
			path = Example;
			sourceTree = "<group>";
		};
/* End PBXGroup section */

/* Begin PBXNativeTarget section */
		867742F21D93D11D00680C55 /* Example */ = {
			isa = PBXNativeTarget;
			buildConfigurationList = 867743051D93D11D00680C55 /* Build configuration list for PBXNativeTarget "Example" */;
			buildPhases = (
				867742EF1D93D11D00680C55 /* Sources */,
				867742F01D93D11D00680C55 /* Frameworks */,
				867742F11D93D11D00680C55 /* Resources */,
				86087D601D93D8D800E6AE40 /* Embed Frameworks */,
			);
			buildRules = (
			);
			dependencies = (
				86087D5F1D93D8D800E6AE40 /* PBXTargetDependency */,
			);
			name = Example;
			productName = Example;
			productReference = 867742F31D93D11D00680C55 /* Example.app */;
			productType = "com.apple.product-type.application";
		};
/* End PBXNativeTarget section */

/* Begin PBXProject section */
		867742EB1D93D11D00680C55 /* Project object */ = {
			isa = PBXProject;
			attributes = {
				LastSwiftUpdateCheck = 0800;
				LastUpgradeCheck = 0800;
				ORGANIZATIONNAME = lalafon;
				TargetAttributes = {
					867742F21D93D11D00680C55 = {
						CreatedOnToolsVersion = 8.0;
						ProvisioningStyle = Automatic;
					};
				};
			};
			buildConfigurationList = 867742EE1D93D11D00680C55 /* Build configuration list for PBXProject "Example" */;
			compatibilityVersion = "Xcode 3.2";
			developmentRegion = English;
			hasScannedForEncodings = 0;
			knownRegions = (
				en,
				Base,
			);
			mainGroup = 867742EA1D93D11D00680C55;
			productRefGroup = 867742F41D93D11D00680C55 /* Products */;
			projectDirPath = "";
			projectReferences = (
				{
					ProductGroup = 86087D541D93D8C900E6AE40 /* Products */;
					ProjectRef = 86087D531D93D8C900E6AE40 /* LLSpinner.xcodeproj */;
				},
			);
			projectRoot = "";
			targets = (
				867742F21D93D11D00680C55 /* Example */,
			);
		};
/* End PBXProject section */

/* Begin PBXReferenceProxy section */
		86087D591D93D8C900E6AE40 /* LLSpinner.framework */ = {
			isa = PBXReferenceProxy;
			fileType = wrapper.framework;
			path = LLSpinner.framework;
			remoteRef = 86087D581D93D8C900E6AE40 /* PBXContainerItemProxy */;
			sourceTree = BUILT_PRODUCTS_DIR;
		};
		86087D5B1D93D8C900E6AE40 /* LLSpinnerTests.xctest */ = {
			isa = PBXReferenceProxy;
			fileType = wrapper.cfbundle;
			path = LLSpinnerTests.xctest;
			remoteRef = 86087D5A1D93D8C900E6AE40 /* PBXContainerItemProxy */;
			sourceTree = BUILT_PRODUCTS_DIR;
		};
/* End PBXReferenceProxy section */

/* Begin PBXResourcesBuildPhase section */
		867742F11D93D11D00680C55 /* Resources */ = {
			isa = PBXResourcesBuildPhase;
			buildActionMask = 2147483647;
			files = (
				867743011D93D11D00680C55 /* LaunchScreen.storyboard in Resources */,
				867742FE1D93D11D00680C55 /* Assets.xcassets in Resources */,
				867742FC1D93D11D00680C55 /* Main.storyboard in Resources */,
			);
			runOnlyForDeploymentPostprocessing = 0;
		};
/* End PBXResourcesBuildPhase section */

/* Begin PBXSourcesBuildPhase section */
		867742EF1D93D11D00680C55 /* Sources */ = {
			isa = PBXSourcesBuildPhase;
			buildActionMask = 2147483647;
			files = (
				867742F91D93D11D00680C55 /* ViewController.swift in Sources */,
				867742F71D93D11D00680C55 /* AppDelegate.swift in Sources */,
			);
			runOnlyForDeploymentPostprocessing = 0;
		};
/* End PBXSourcesBuildPhase section */

/* Begin PBXTargetDependency section */
		86087D5F1D93D8D800E6AE40 /* PBXTargetDependency */ = {
			isa = PBXTargetDependency;
			name = LLSpinner;
			targetProxy = 86087D5E1D93D8D800E6AE40 /* PBXContainerItemProxy */;
		};
/* End PBXTargetDependency section */

/* Begin PBXVariantGroup section */
		867742FA1D93D11D00680C55 /* Main.storyboard */ = {
			isa = PBXVariantGroup;
			children = (
				867742FB1D93D11D00680C55 /* Base */,
			);
			name = Main.storyboard;
			sourceTree = "<group>";
		};
		867742FF1D93D11D00680C55 /* LaunchScreen.storyboard */ = {
			isa = PBXVariantGroup;
			children = (
				867743001D93D11D00680C55 /* Base */,
			);
			name = LaunchScreen.storyboard;
			sourceTree = "<group>";
		};
/* End PBXVariantGroup section */

/* Begin XCBuildConfiguration section */
		867743031D93D11D00680C55 /* Debug */ = {
			isa = XCBuildConfiguration;
			buildSettings = {
				ALWAYS_SEARCH_USER_PATHS = NO;
				CLANG_ANALYZER_NONNULL = YES;
				CLANG_CXX_LANGUAGE_STANDARD = "gnu++0x";
				CLANG_CXX_LIBRARY = "libc++";
				CLANG_ENABLE_MODULES = YES;
				CLANG_ENABLE_OBJC_ARC = YES;
				CLANG_WARN_BOOL_CONVERSION = YES;
				CLANG_WARN_CONSTANT_CONVERSION = YES;
				CLANG_WARN_DIRECT_OBJC_ISA_USAGE = YES_ERROR;
				CLANG_WARN_DOCUMENTATION_COMMENTS = YES;
				CLANG_WARN_EMPTY_BODY = YES;
				CLANG_WARN_ENUM_CONVERSION = YES;
				CLANG_WARN_INFINITE_RECURSION = YES;
				CLANG_WARN_INT_CONVERSION = YES;
				CLANG_WARN_OBJC_ROOT_CLASS = YES_ERROR;
				CLANG_WARN_SUSPICIOUS_MOVES = YES;
				CLANG_WARN_UNREACHABLE_CODE = YES;
				CLANG_WARN__DUPLICATE_METHOD_MATCH = YES;
				"CODE_SIGN_IDENTITY[sdk=iphoneos*]" = "iPhone Developer";
				COPY_PHASE_STRIP = NO;
				DEBUG_INFORMATION_FORMAT = dwarf;
				ENABLE_STRICT_OBJC_MSGSEND = YES;
				ENABLE_TESTABILITY = YES;
				GCC_C_LANGUAGE_STANDARD = gnu99;
				GCC_DYNAMIC_NO_PIC = NO;
				GCC_NO_COMMON_BLOCKS = YES;
				GCC_OPTIMIZATION_LEVEL = 0;
				GCC_PREPROCESSOR_DEFINITIONS = (
					"DEBUG=1",
					"$(inherited)",
				);
				GCC_WARN_64_TO_32_BIT_CONVERSION = YES;
				GCC_WARN_ABOUT_RETURN_TYPE = YES_ERROR;
				GCC_WARN_UNDECLARED_SELECTOR = YES;
				GCC_WARN_UNINITIALIZED_AUTOS = YES_AGGRESSIVE;
				GCC_WARN_UNUSED_FUNCTION = YES;
				GCC_WARN_UNUSED_VARIABLE = YES;
				IPHONEOS_DEPLOYMENT_TARGET = 10.0;
				MTL_ENABLE_DEBUG_INFO = YES;
				ONLY_ACTIVE_ARCH = YES;
				SDKROOT = iphoneos;
				SWIFT_ACTIVE_COMPILATION_CONDITIONS = DEBUG;
				SWIFT_OPTIMIZATION_LEVEL = "-Onone";
			};
			name = Debug;
		};
		867743041D93D11D00680C55 /* Release */ = {
			isa = XCBuildConfiguration;
			buildSettings = {
				ALWAYS_SEARCH_USER_PATHS = NO;
				CLANG_ANALYZER_NONNULL = YES;
				CLANG_CXX_LANGUAGE_STANDARD = "gnu++0x";
				CLANG_CXX_LIBRARY = "libc++";
				CLANG_ENABLE_MODULES = YES;
				CLANG_ENABLE_OBJC_ARC = YES;
				CLANG_WARN_BOOL_CONVERSION = YES;
				CLANG_WARN_CONSTANT_CONVERSION = YES;
				CLANG_WARN_DIRECT_OBJC_ISA_USAGE = YES_ERROR;
				CLANG_WARN_DOCUMENTATION_COMMENTS = YES;
				CLANG_WARN_EMPTY_BODY = YES;
				CLANG_WARN_ENUM_CONVERSION = YES;
				CLANG_WARN_INFINITE_RECURSION = YES;
				CLANG_WARN_INT_CONVERSION = YES;
				CLANG_WARN_OBJC_ROOT_CLASS = YES_ERROR;
				CLANG_WARN_SUSPICIOUS_MOVES = YES;
				CLANG_WARN_UNREACHABLE_CODE = YES;
				CLANG_WARN__DUPLICATE_METHOD_MATCH = YES;
				"CODE_SIGN_IDENTITY[sdk=iphoneos*]" = "iPhone Developer";
				COPY_PHASE_STRIP = NO;
				DEBUG_INFORMATION_FORMAT = "dwarf-with-dsym";
				ENABLE_NS_ASSERTIONS = NO;
				ENABLE_STRICT_OBJC_MSGSEND = YES;
				GCC_C_LANGUAGE_STANDARD = gnu99;
				GCC_NO_COMMON_BLOCKS = YES;
				GCC_WARN_64_TO_32_BIT_CONVERSION = YES;
				GCC_WARN_ABOUT_RETURN_TYPE = YES_ERROR;
				GCC_WARN_UNDECLARED_SELECTOR = YES;
				GCC_WARN_UNINITIALIZED_AUTOS = YES_AGGRESSIVE;
				GCC_WARN_UNUSED_FUNCTION = YES;
				GCC_WARN_UNUSED_VARIABLE = YES;
				IPHONEOS_DEPLOYMENT_TARGET = 10.0;
				MTL_ENABLE_DEBUG_INFO = NO;
				SDKROOT = iphoneos;
				SWIFT_OPTIMIZATION_LEVEL = "-Owholemodule";
				VALIDATE_PRODUCT = YES;
			};
			name = Release;
		};
		867743061D93D11D00680C55 /* Debug */ = {
			isa = XCBuildConfiguration;
			buildSettings = {
				ALWAYS_EMBED_SWIFT_STANDARD_LIBRARIES = YES;
				ASSETCATALOG_COMPILER_APPICON_NAME = AppIcon;
				INFOPLIST_FILE = Example/Info.plist;
				LD_RUNPATH_SEARCH_PATHS = "$(inherited) @executable_path/Frameworks";
				PRODUCT_BUNDLE_IDENTIFIER = lalafon.Example;
				PRODUCT_NAME = "$(TARGET_NAME)";
				SWIFT_VERSION = 3.0;
			};
			name = Debug;
		};
		867743071D93D11D00680C55 /* Release */ = {
			isa = XCBuildConfiguration;
			buildSettings = {
				ALWAYS_EMBED_SWIFT_STANDARD_LIBRARIES = YES;
				ASSETCATALOG_COMPILER_APPICON_NAME = AppIcon;
				INFOPLIST_FILE = Example/Info.plist;
				LD_RUNPATH_SEARCH_PATHS = "$(inherited) @executable_path/Frameworks";
				PRODUCT_BUNDLE_IDENTIFIER = lalafon.Example;
				PRODUCT_NAME = "$(TARGET_NAME)";
				SWIFT_VERSION = 3.0;
			};
			name = Release;
		};
/* End XCBuildConfiguration section */

/* Begin XCConfigurationList section */
		867742EE1D93D11D00680C55 /* Build configuration list for PBXProject "Example" */ = {
			isa = XCConfigurationList;
			buildConfigurations = (
				867743031D93D11D00680C55 /* Debug */,
				867743041D93D11D00680C55 /* Release */,
			);
			defaultConfigurationIsVisible = 0;
			defaultConfigurationName = Release;
		};
		867743051D93D11D00680C55 /* Build configuration list for PBXNativeTarget "Example" */ = {
			isa = XCConfigurationList;
			buildConfigurations = (
				867743061D93D11D00680C55 /* Debug */,
				867743071D93D11D00680C55 /* Release */,
			);
			defaultConfigurationIsVisible = 0;
			defaultConfigurationName = Release;
		};
/* End XCConfigurationList section */
	};
	rootObject = 867742EB1D93D11D00680C55 /* Project object */;
}
